
Microsoft Visual Studio Solution File, Format Version 12.00
# Visual Studio Version 16
VisualStudioVersion = 16.0.31424.327
MinimumVisualStudioVersion = 10.0.40219.1
Project("{9A19103F-16F7-4668-BE54-9A1E7A4F7556}") = "LB_EloForte", "LB_EloForte\LB_EloForte\LB_EloForte.csproj", "{8B51BBBC-723A-4D84-89E4-47FDBE1AFBB0}"
EndProject
Project("{FAE04EC0-301F-11D3-BF4B-00C04F79EFBC}") = "LB_EloForte.Android", "LB_EloForte\LB_EloForte.Android\LB_EloForte.Android.csproj", "{4082D68E-41DC-4686-8532-9F40A56607AD}"
EndProject
Project("{FAE04EC0-301F-11D3-BF4B-00C04F79EFBC}") = "LB_EloForteAPI", "LB_EloForteAPI\LB_EloForteAPI.csproj", "{4DF26756-E814-4866-B8D2-5DBAB002BED4}"
EndProject
Global
	GlobalSection(SolutionConfigurationPlatforms) = preSolution
		Debug|Any CPU = Debug|Any CPU
		Release|Any CPU = Release|Any CPU
	EndGlobalSection
	GlobalSection(ProjectConfigurationPlatforms) = postSolution
		{8B51BBBC-723A-4D84-89E4-47FDBE1AFBB0}.Debug|Any CPU.ActiveCfg = Debug|Any CPU
		{8B51BBBC-723A-4D84-89E4-47FDBE1AFBB0}.Debug|Any CPU.Build.0 = Debug|Any CPU
		{8B51BBBC-723A-4D84-89E4-47FDBE1AFBB0}.Release|Any CPU.ActiveCfg = Release|Any CPU
		{8B51BBBC-723A-4D84-89E4-47FDBE1AFBB0}.Release|Any CPU.Build.0 = Release|Any CPU
		{4082D68E-41DC-4686-8532-9F40A56607AD}.Debug|Any CPU.ActiveCfg = Debug|Any CPU
		{4082D68E-41DC-4686-8532-9F40A56607AD}.Debug|Any CPU.Build.0 = Debug|Any CPU
		{4082D68E-41DC-4686-8532-9F40A56607AD}.Debug|Any CPU.Deploy.0 = Debug|Any CPU
		{4082D68E-41DC-4686-8532-9F40A56607AD}.Release|Any CPU.ActiveCfg = Release|Any CPU
		{4082D68E-41DC-4686-8532-9F40A56607AD}.Release|Any CPU.Build.0 = Release|Any CPU
		{4082D68E-41DC-4686-8532-9F40A56607AD}.Release|Any CPU.Deploy.0 = Release|Any CPU
		{4DF26756-E814-4866-B8D2-5DBAB002BED4}.Debug|Any CPU.ActiveCfg = Debug|Any CPU
		{4DF26756-E814-4866-B8D2-5DBAB002BED4}.Debug|Any CPU.Build.0 = Debug|Any CPU
		{4DF26756-E814-4866-B8D2-5DBAB002BED4}.Release|Any CPU.ActiveCfg = Release|Any CPU
		{4DF26756-E814-4866-B8D2-5DBAB002BED4}.Release|Any CPU.Build.0 = Release|Any CPU
	EndGlobalSection
	GlobalSection(SolutionProperties) = preSolution
		HideSolutionNode = FALSE
	EndGlobalSection
	GlobalSection(ExtensibilityGlobals) = postSolution
		SolutionGuid = {E432DECC-61F6-4165-9895-22AA5F4D35BC}
	EndGlobalSection
EndGlobal
